PODS:
  - Nimble (1.0.0)
  - Quick (0.3.1)
  - Thongs (0.1.0)

DEPENDENCIES:
  - Nimble
  - Quick (~> 0.3.1)
  - Thongs (from `../`)

EXTERNAL SOURCES:
  Thongs:
    :path: ../

SPEC CHECKSUMS:
  Nimble: 8bee528e5fcc403653076545db562d2b5db7bb87
  Quick: 824572d3d198d51e52cf4aa722cebf7e59952a35
  Thongs: 22e557d4e26377cb3b3a4df4d3dfea6a330a697f

COCOAPODS: 0.38.2
