PODS:
  - Nimble (3.0.0)
  - Quick (0.8.0)
  - Thongs (0.9.1)

DEPENDENCIES:
  - Nimble
  - Quick
  - Thongs (from `../`)

EXTERNAL SOURCES:
  Thongs:
    :path: ../

SPEC CHECKSUMS:
  Nimble: 4c353d43735b38b545cbb4cb91504588eb5de926
  Quick: 563d0f6ec5f72e394645adb377708639b7dd38ab
  Thongs: c279072a7fc1e8150d8bcd44e6e250b0a2bc5014

COCOAPODS: 0.39.0
